
Microsoft Visual Studio Solution File, Format Version 12.00
# Visual Studio Version 17
VisualStudioVersion = 17.7.34031.279
MinimumVisualStudioVersion = 10.0.40219.1
Project("{2150E333-8FDC-42A3-9474-1A3956D46DE8}") = "Task0", "Task0", "{0831B474-D26F-407A-9E82-3F0E62702930}"
EndProject
Project("{FAE04EC0-301F-11D3-BF4B-00C04F79EFBC}") = "Tyuiu.AlmukhametovTI.Sprint4.Task0.V30.Lib", "Tyuiu.AlmukhametovTI.Sprint4.Task0.V30.Lib\Tyuiu.AlmukhametovTI.Sprint4.Task0.V30.Lib.csproj", "{87D0E2AD-7AF5-4E2A-B3E2-39A38612089F}"
EndProject
Project("{FAE04EC0-301F-11D3-BF4B-00C04F79EFBC}") = "Tyuiu.AlmukhametovTI.Sprint4.Task0.V30.Test", "Tyuiu.AlmukhametovTI.Sprint4.Task0.V30.Test\Tyuiu.AlmukhametovTI.Sprint4.Task0.V30.Test.csproj", "{936E0CEC-A8B8-4250-8358-D2E2AAF1A388}"
EndProject
Project("{2150E333-8FDC-42A3-9474-1A3956D46DE8}") = "Task1", "Task1", "{456701BB-CFAE-494E-9A3B-84FFDA817FEF}"
EndProject
Project("{FAE04EC0-301F-11D3-BF4B-00C04F79EFBC}") = "Tyuiu.AlmukhametovTI.Sprint4.Task1.V12", "Tyuiu.AlmukhametovTI.Sprint4.Task1.V12\Tyuiu.AlmukhametovTI.Sprint4.Task1.V12.csproj", "{A3A6C83E-C93C-49C3-9EDA-059596283DD0}"
EndProject
Project("{FAE04EC0-301F-11D3-BF4B-00C04F79EFBC}") = "Tyuiu.AlmukhametovTI.Sprint4.Task1.V12.Lib", "Tyuiu.AlmukhametovTI.Sprint4.Task1.V12.Lib\Tyuiu.AlmukhametovTI.Sprint4.Task1.V12.Lib.csproj", "{A2BFC6CB-D519-4998-9992-636538B4638F}"
EndProject
Project("{FAE04EC0-301F-11D3-BF4B-00C04F79EFBC}") = "Tyuiu.AlmukhametovTI.Sprint4.Task1.V12.Test", "Tyuiu.AlmukhametovTI.Sprint4.Task1.V12.Test\Tyuiu.AlmukhametovTI.Sprint4.Task1.V12.Test.csproj", "{CFD9DC08-4E67-49BA-A75B-1EB6367C44B4}"
EndProject
Project("{2150E333-8FDC-42A3-9474-1A3956D46DE8}") = "Task2", "Task2", "{333FC694-EDBB-42EE-8586-10C3C41DFB75}"
EndProject
Project("{FAE04EC0-301F-11D3-BF4B-00C04F79EFBC}") = "Tyuiu.AlmukhametovTI.Sprint4.Task2.V27", "Tyuiu.AlmukhametovTI.Sprint4.Task2.V27\Tyuiu.AlmukhametovTI.Sprint4.Task2.V27.csproj", "{A202E247-186F-4483-B87A-C581865F3BD7}"
EndProject
Project("{FAE04EC0-301F-11D3-BF4B-00C04F79EFBC}") = "Tyuiu.AlmukhametovTI.Sprint4.Task2.V27.Lib", "Tyuiu.AlmukhametovTI.Sprint4.Task2.V27.Lib\Tyuiu.AlmukhametovTI.Sprint4.Task2.V27.Lib.csproj", "{ABC4197B-8D60-4E63-9BE8-94973BA50A43}"
EndProject
Project("{FAE04EC0-301F-11D3-BF4B-00C04F79EFBC}") = "Tyuiu.AlmukhametovTI.Sprint4.Task2.V27.Test", "Tyuiu.AlmukhametovTI.Sprint4.Task2.V27.Test\Tyuiu.AlmukhametovTI.Sprint4.Task2.V27.Test.csproj", "{9C38CAE9-9EB7-4902-8CE4-0A1AB6D4FCE6}"
EndProject
Project("{2150E333-8FDC-42A3-9474-1A3956D46DE8}") = "Task3", "Task3", "{68B6F698-4FB6-4F6B-A556-AFD69FB16615}"
EndProject
Project("{FAE04EC0-301F-11D3-BF4B-00C04F79EFBC}") = "Tyuiu.AlmukhametovTI.Sprint4.Task3.V18", "Tyuiu.AlmukhametovTI.Sprint4.Task3.V18\Tyuiu.AlmukhametovTI.Sprint4.Task3.V18.csproj", "{7B158518-82CA-4FBC-9523-DDDF4121B798}"
EndProject
Project("{FAE04EC0-301F-11D3-BF4B-00C04F79EFBC}") = "Tyuiu.AlmukhametovTI.Sprint4.Task3.V18.Lib", "Tyuiu.AlmukhametovTI.Sprint4.Task3.V18.Lib\Tyuiu.AlmukhametovTI.Sprint4.Task3.V18.Lib.csproj", "{FC605CEE-8F16-4692-AE7A-98925D70084D}"
EndProject
Project("{FAE04EC0-301F-11D3-BF4B-00C04F79EFBC}") = "Tyuiu.AlmukhametovTI.Sprint4.Task3.V18.Test", "Tyuiu.AlmukhametovTI.Sprint4.Task3.V18.Test\Tyuiu.AlmukhametovTI.Sprint4.Task3.V18.Test.csproj", "{93F7B60D-E29A-4C83-96E4-AB226AF3D48C}"
EndProject
Project("{2150E333-8FDC-42A3-9474-1A3956D46DE8}") = "Task4", "Task4", "{B8E6B1E8-D1E1-403D-A189-55B4663A6CEB}"
EndProject
Project("{FAE04EC0-301F-11D3-BF4B-00C04F79EFBC}") = "Tyuiu.AlmukhametovTI.Sprint4.Task4.V16", "Tyuiu.AlmukhametovTI.Sprint4.Task4.V16\Tyuiu.AlmukhametovTI.Sprint4.Task4.V16.csproj", "{99E58C4B-8B1E-4542-A8F3-26579D84CB25}"
EndProject
Project("{FAE04EC0-301F-11D3-BF4B-00C04F79EFBC}") = "Tyuiu.AlmukhametovTI.Sprint4.Task4.V16.Lib", "Tyuiu.AlmukhametovTI.Sprint4.Task4.V16.Lib\Tyuiu.AlmukhametovTI.Sprint4.Task4.V16.Lib.csproj", "{F4A41166-C263-4332-AADE-7157BC3ADF62}"
EndProject
Project("{FAE04EC0-301F-11D3-BF4B-00C04F79EFBC}") = "Tyuiu.AlmukhametovTI.Sprint4.Task4.V16.Test", "Tyuiu.AlmukhametovTI.Sprint4.Task4.V16.Test\Tyuiu.AlmukhametovTI.Sprint4.Task4.V16.Test.csproj", "{FC09DDEA-EEB3-4F53-AD58-5909218A6AF4}"
EndProject
Project("{2150E333-8FDC-42A3-9474-1A3956D46DE8}") = "Task5", "Task5", "{057FA4C6-69A1-4A9A-B87E-B2CC74F7215E}"
EndProject
Project("{FAE04EC0-301F-11D3-BF4B-00C04F79EFBC}") = "Tyuiu.AlmukhametovTI.Sprint4.Task5.V12", "Tyuiu.AlmukhametovTI.Sprint4.Task5.V12\Tyuiu.AlmukhametovTI.Sprint4.Task5.V12.csproj", "{21A91180-D025-44C3-AB0F-DDABDBCEC943}"
EndProject
Project("{FAE04EC0-301F-11D3-BF4B-00C04F79EFBC}") = "Tyuiu.AlmukhametovTI.Sprint4.Task5.V12.Lib", "Tyuiu.AlmukhametovTI.Sprint4.Task5.V12.Lib\Tyuiu.AlmukhametovTI.Sprint4.Task5.V12.Lib.csproj", "{B61506A6-1BF0-4C0F-922A-F8F527AFF41A}"
EndProject
Project("{FAE04EC0-301F-11D3-BF4B-00C04F79EFBC}") = "Tyuiu.AlmukhametovTI.Sprint4.Task5.V12.Test", "Tyuiu.AlmukhametovTI.Sprint4.Task5.V12.Test\Tyuiu.AlmukhametovTI.Sprint4.Task5.V12.Test.csproj", "{6CBAE8E7-4321-4FDB-B0EF-7634D4A65A38}"
EndProject
Project("{2150E333-8FDC-42A3-9474-1A3956D46DE8}") = "Task6", "Task6", "{05DBDD4B-E752-4D6F-BE93-C929AAD71E03}"
EndProject
Project("{FAE04EC0-301F-11D3-BF4B-00C04F79EFBC}") = "Tyuiu.AlmukhametovTI.Sprint4.Task6.V5", "Tyuiu.AlmukhametovTI.Sprint4.Task6.V5\Tyuiu.AlmukhametovTI.Sprint4.Task6.V5.csproj", "{D2C8676A-8ECE-4D9F-8F7D-1D76A217B815}"
EndProject
Project("{FAE04EC0-301F-11D3-BF4B-00C04F79EFBC}") = "Tyuiu.AlmukhametovTI.Sprint4.Task6.V5.Lib", "Tyuiu.AlmukhametovTI.Sprint4.Task6.V5.Lib\Tyuiu.AlmukhametovTI.Sprint4.Task6.V5.Lib.csproj", "{0350134A-42A6-4B6B-B1B9-000D57439864}"
EndProject
Project("{FAE04EC0-301F-11D3-BF4B-00C04F79EFBC}") = "Tyuiu.AlmukhametovTI.Sprint4.Task6.V5.Test", "Tyuiu.AlmukhametovTI.Sprint4.Task6.V5.Test\Tyuiu.AlmukhametovTI.Sprint4.Task6.V5.Test.csproj", "{098EE040-DD2A-4A0A-B50F-9088964B3838}"
EndProject
Global
	GlobalSection(SolutionConfigurationPlatforms) = preSolution
		Debug|Any CPU = Debug|Any CPU
		Release|Any CPU = Release|Any CPU
	EndGlobalSection
	GlobalSection(ProjectConfigurationPlatforms) = postSolution
		{87D0E2AD-7AF5-4E2A-B3E2-39A38612089F}.Debug|Any CPU.ActiveCfg = Debug|Any CPU
		{87D0E2AD-7AF5-4E2A-B3E2-39A38612089F}.Debug|Any CPU.Build.0 = Debug|Any CPU
		{87D0E2AD-7AF5-4E2A-B3E2-39A38612089F}.Release|Any CPU.ActiveCfg = Release|Any CPU
		{87D0E2AD-7AF5-4E2A-B3E2-39A38612089F}.Release|Any CPU.Build.0 = Release|Any CPU
		{936E0CEC-A8B8-4250-8358-D2E2AAF1A388}.Debug|Any CPU.ActiveCfg = Debug|Any CPU
		{936E0CEC-A8B8-4250-8358-D2E2AAF1A388}.Debug|Any CPU.Build.0 = Debug|Any CPU
		{936E0CEC-A8B8-4250-8358-D2E2AAF1A388}.Release|Any CPU.ActiveCfg = Release|Any CPU
		{936E0CEC-A8B8-4250-8358-D2E2AAF1A388}.Release|Any CPU.Build.0 = Release|Any CPU
		{A3A6C83E-C93C-49C3-9EDA-059596283DD0}.Debug|Any CPU.ActiveCfg = Debug|Any CPU
		{A3A6C83E-C93C-49C3-9EDA-059596283DD0}.Debug|Any CPU.Build.0 = Debug|Any CPU
		{A3A6C83E-C93C-49C3-9EDA-059596283DD0}.Release|Any CPU.ActiveCfg = Release|Any CPU
		{A3A6C83E-C93C-49C3-9EDA-059596283DD0}.Release|Any CPU.Build.0 = Release|Any CPU
		{A2BFC6CB-D519-4998-9992-636538B4638F}.Debug|Any CPU.ActiveCfg = Debug|Any CPU
		{A2BFC6CB-D519-4998-9992-636538B4638F}.Debug|Any CPU.Build.0 = Debug|Any CPU
		{A2BFC6CB-D519-4998-9992-636538B4638F}.Release|Any CPU.ActiveCfg = Release|Any CPU
		{A2BFC6CB-D519-4998-9992-636538B4638F}.Release|Any CPU.Build.0 = Release|Any CPU
		{CFD9DC08-4E67-49BA-A75B-1EB6367C44B4}.Debug|Any CPU.ActiveCfg = Debug|Any CPU
		{CFD9DC08-4E67-49BA-A75B-1EB6367C44B4}.Debug|Any CPU.Build.0 = Debug|Any CPU
		{CFD9DC08-4E67-49BA-A75B-1EB6367C44B4}.Release|Any CPU.ActiveCfg = Release|Any CPU
		{CFD9DC08-4E67-49BA-A75B-1EB6367C44B4}.Release|Any CPU.Build.0 = Release|Any CPU
		{A202E247-186F-4483-B87A-C581865F3BD7}.Debug|Any CPU.ActiveCfg = Debug|Any CPU
		{A202E247-186F-4483-B87A-C581865F3BD7}.Debug|Any CPU.Build.0 = Debug|Any CPU
		{A202E247-186F-4483-B87A-C581865F3BD7}.Release|Any CPU.ActiveCfg = Release|Any CPU
		{A202E247-186F-4483-B87A-C581865F3BD7}.Release|Any CPU.Build.0 = Release|Any CPU
		{ABC4197B-8D60-4E63-9BE8-94973BA50A43}.Debug|Any CPU.ActiveCfg = Debug|Any CPU
		{ABC4197B-8D60-4E63-9BE8-94973BA50A43}.Debug|Any CPU.Build.0 = Debug|Any CPU
		{ABC4197B-8D60-4E63-9BE8-94973BA50A43}.Release|Any CPU.ActiveCfg = Release|Any CPU
		{ABC4197B-8D60-4E63-9BE8-94973BA50A43}.Release|Any CPU.Build.0 = Release|Any CPU
		{9C38CAE9-9EB7-4902-8CE4-0A1AB6D4FCE6}.Debug|Any CPU.ActiveCfg = Debug|Any CPU
		{9C38CAE9-9EB7-4902-8CE4-0A1AB6D4FCE6}.Debug|Any CPU.Build.0 = Debug|Any CPU
		{9C38CAE9-9EB7-4902-8CE4-0A1AB6D4FCE6}.Release|Any CPU.ActiveCfg = Release|Any CPU
		{9C38CAE9-9EB7-4902-8CE4-0A1AB6D4FCE6}.Release|Any CPU.Build.0 = Release|Any CPU
		{7B158518-82CA-4FBC-9523-DDDF4121B798}.Debug|Any CPU.ActiveCfg = Debug|Any CPU
		{7B158518-82CA-4FBC-9523-DDDF4121B798}.Debug|Any CPU.Build.0 = Debug|Any CPU
		{7B158518-82CA-4FBC-9523-DDDF4121B798}.Release|Any CPU.ActiveCfg = Release|Any CPU
		{7B158518-82CA-4FBC-9523-DDDF4121B798}.Release|Any CPU.Build.0 = Release|Any CPU
		{FC605CEE-8F16-4692-AE7A-98925D70084D}.Debug|Any CPU.ActiveCfg = Debug|Any CPU
		{FC605CEE-8F16-4692-AE7A-98925D70084D}.Debug|Any CPU.Build.0 = Debug|Any CPU
		{FC605CEE-8F16-4692-AE7A-98925D70084D}.Release|Any CPU.ActiveCfg = Release|Any CPU
		{FC605CEE-8F16-4692-AE7A-98925D70084D}.Release|Any CPU.Build.0 = Release|Any CPU
		{93F7B60D-E29A-4C83-96E4-AB226AF3D48C}.Debug|Any CPU.ActiveCfg = Debug|Any CPU
		{93F7B60D-E29A-4C83-96E4-AB226AF3D48C}.Debug|Any CPU.Build.0 = Debug|Any CPU
		{93F7B60D-E29A-4C83-96E4-AB226AF3D48C}.Release|Any CPU.ActiveCfg = Release|Any CPU
		{93F7B60D-E29A-4C83-96E4-AB226AF3D48C}.Release|Any CPU.Build.0 = Release|Any CPU
		{99E58C4B-8B1E-4542-A8F3-26579D84CB25}.Debug|Any CPU.ActiveCfg = Debug|Any CPU
		{99E58C4B-8B1E-4542-A8F3-26579D84CB25}.Debug|Any CPU.Build.0 = Debug|Any CPU
		{99E58C4B-8B1E-4542-A8F3-26579D84CB25}.Release|Any CPU.ActiveCfg = Release|Any CPU
		{99E58C4B-8B1E-4542-A8F3-26579D84CB25}.Release|Any CPU.Build.0 = Release|Any CPU
		{F4A41166-C263-4332-AADE-7157BC3ADF62}.Debug|Any CPU.ActiveCfg = Debug|Any CPU
		{F4A41166-C263-4332-AADE-7157BC3ADF62}.Debug|Any CPU.Build.0 = Debug|Any CPU
		{F4A41166-C263-4332-AADE-7157BC3ADF62}.Release|Any CPU.ActiveCfg = Release|Any CPU
		{F4A41166-C263-4332-AADE-7157BC3ADF62}.Release|Any CPU.Build.0 = Release|Any CPU
		{FC09DDEA-EEB3-4F53-AD58-5909218A6AF4}.Debug|Any CPU.ActiveCfg = Debug|Any CPU
		{FC09DDEA-EEB3-4F53-AD58-5909218A6AF4}.Debug|Any CPU.Build.0 = Debug|Any CPU
		{FC09DDEA-EEB3-4F53-AD58-5909218A6AF4}.Release|Any CPU.ActiveCfg = Release|Any CPU
		{FC09DDEA-EEB3-4F53-AD58-5909218A6AF4}.Release|Any CPU.Build.0 = Release|Any CPU
		{21A91180-D025-44C3-AB0F-DDABDBCEC943}.Debug|Any CPU.ActiveCfg = Debug|Any CPU
		{21A91180-D025-44C3-AB0F-DDABDBCEC943}.Debug|Any CPU.Build.0 = Debug|Any CPU
		{21A91180-D025-44C3-AB0F-DDABDBCEC943}.Release|Any CPU.ActiveCfg = Release|Any CPU
		{21A91180-D025-44C3-AB0F-DDABDBCEC943}.Release|Any CPU.Build.0 = Release|Any CPU
		{B61506A6-1BF0-4C0F-922A-F8F527AFF41A}.Debug|Any CPU.ActiveCfg = Debug|Any CPU
		{B61506A6-1BF0-4C0F-922A-F8F527AFF41A}.Debug|Any CPU.Build.0 = Debug|Any CPU
		{B61506A6-1BF0-4C0F-922A-F8F527AFF41A}.Release|Any CPU.ActiveCfg = Release|Any CPU
		{B61506A6-1BF0-4C0F-922A-F8F527AFF41A}.Release|Any CPU.Build.0 = Release|Any CPU
		{6CBAE8E7-4321-4FDB-B0EF-7634D4A65A38}.Debug|Any CPU.ActiveCfg = Debug|Any CPU
		{6CBAE8E7-4321-4FDB-B0EF-7634D4A65A38}.Debug|Any CPU.Build.0 = Debug|Any CPU
		{6CBAE8E7-4321-4FDB-B0EF-7634D4A65A38}.Release|Any CPU.ActiveCfg = Release|Any CPU
		{6CBAE8E7-4321-4FDB-B0EF-7634D4A65A38}.Release|Any CPU.Build.0 = Release|Any CPU
		{D2C8676A-8ECE-4D9F-8F7D-1D76A217B815}.Debug|Any CPU.ActiveCfg = Debug|Any CPU
		{D2C8676A-8ECE-4D9F-8F7D-1D76A217B815}.Debug|Any CPU.Build.0 = Debug|Any CPU
		{D2C8676A-8ECE-4D9F-8F7D-1D76A217B815}.Release|Any CPU.ActiveCfg = Release|Any CPU
		{D2C8676A-8ECE-4D9F-8F7D-1D76A217B815}.Release|Any CPU.Build.0 = Release|Any CPU
		{0350134A-42A6-4B6B-B1B9-000D57439864}.Debug|Any CPU.ActiveCfg = Debug|Any CPU
		{0350134A-42A6-4B6B-B1B9-000D57439864}.Debug|Any CPU.Build.0 = Debug|Any CPU
		{0350134A-42A6-4B6B-B1B9-000D57439864}.Release|Any CPU.ActiveCfg = Release|Any CPU
		{0350134A-42A6-4B6B-B1B9-000D57439864}.Release|Any CPU.Build.0 = Release|Any CPU
		{098EE040-DD2A-4A0A-B50F-9088964B3838}.Debug|Any CPU.ActiveCfg = Debug|Any CPU
		{098EE040-DD2A-4A0A-B50F-9088964B3838}.Debug|Any CPU.Build.0 = Debug|Any CPU
		{098EE040-DD2A-4A0A-B50F-9088964B3838}.Release|Any CPU.ActiveCfg = Release|Any CPU
		{098EE040-DD2A-4A0A-B50F-9088964B3838}.Release|Any CPU.Build.0 = Release|Any CPU
	EndGlobalSection
	GlobalSection(SolutionProperties) = preSolution
		HideSolutionNode = FALSE
	EndGlobalSection
	GlobalSection(NestedProjects) = preSolution
		{87D0E2AD-7AF5-4E2A-B3E2-39A38612089F} = {0831B474-D26F-407A-9E82-3F0E62702930}
		{936E0CEC-A8B8-4250-8358-D2E2AAF1A388} = {0831B474-D26F-407A-9E82-3F0E62702930}
		{A3A6C83E-C93C-49C3-9EDA-059596283DD0} = {456701BB-CFAE-494E-9A3B-84FFDA817FEF}
		{A2BFC6CB-D519-4998-9992-636538B4638F} = {456701BB-CFAE-494E-9A3B-84FFDA817FEF}
		{CFD9DC08-4E67-49BA-A75B-1EB6367C44B4} = {456701BB-CFAE-494E-9A3B-84FFDA817FEF}
		{A202E247-186F-4483-B87A-C581865F3BD7} = {333FC694-EDBB-42EE-8586-10C3C41DFB75}
		{ABC4197B-8D60-4E63-9BE8-94973BA50A43} = {333FC694-EDBB-42EE-8586-10C3C41DFB75}
		{9C38CAE9-9EB7-4902-8CE4-0A1AB6D4FCE6} = {333FC694-EDBB-42EE-8586-10C3C41DFB75}
		{7B158518-82CA-4FBC-9523-DDDF4121B798} = {68B6F698-4FB6-4F6B-A556-AFD69FB16615}
		{FC605CEE-8F16-4692-AE7A-98925D70084D} = {68B6F698-4FB6-4F6B-A556-AFD69FB16615}
		{93F7B60D-E29A-4C83-96E4-AB226AF3D48C} = {68B6F698-4FB6-4F6B-A556-AFD69FB16615}
		{99E58C4B-8B1E-4542-A8F3-26579D84CB25} = {B8E6B1E8-D1E1-403D-A189-55B4663A6CEB}
		{F4A41166-C263-4332-AADE-7157BC3ADF62} = {B8E6B1E8-D1E1-403D-A189-55B4663A6CEB}
		{FC09DDEA-EEB3-4F53-AD58-5909218A6AF4} = {B8E6B1E8-D1E1-403D-A189-55B4663A6CEB}
		{21A91180-D025-44C3-AB0F-DDABDBCEC943} = {057FA4C6-69A1-4A9A-B87E-B2CC74F7215E}
		{B61506A6-1BF0-4C0F-922A-F8F527AFF41A} = {057FA4C6-69A1-4A9A-B87E-B2CC74F7215E}
		{6CBAE8E7-4321-4FDB-B0EF-7634D4A65A38} = {057FA4C6-69A1-4A9A-B87E-B2CC74F7215E}
		{D2C8676A-8ECE-4D9F-8F7D-1D76A217B815} = {05DBDD4B-E752-4D6F-BE93-C929AAD71E03}
		{0350134A-42A6-4B6B-B1B9-000D57439864} = {05DBDD4B-E752-4D6F-BE93-C929AAD71E03}
		{098EE040-DD2A-4A0A-B50F-9088964B3838} = {05DBDD4B-E752-4D6F-BE93-C929AAD71E03}
	EndGlobalSection
	GlobalSection(ExtensibilityGlobals) = postSolution
		SolutionGuid = {2809C39E-D7CD-4436-AE32-AEC8B36A33E1}
	EndGlobalSection
EndGlobal
